// !$*UTF8*$!
{
	archiveVersion = 1;
	classes = {
	};
	objectVersion = 46;
	objects = {

/* Begin PBXBuildFile section */
		10ECB6C51D79A7530054657B /* Noticia.swift in Sources */ = {isa = PBXBuildFile; fileRef = 10ECB6C41D79A7530054657B /* Noticia.swift */; };
		10ECB6CC1D79B3150054657B /* CelulaTableViewCell.swift in Sources */ = {isa = PBXBuildFile; fileRef = 10ECB6CB1D79B3150054657B /* CelulaTableViewCell.swift */; };
		10ECB6CE1D79B3750054657B /* FeedNoticias.swift in Sources */ = {isa = PBXBuildFile; fileRef = 10ECB6CD1D79B3750054657B /* FeedNoticias.swift */; };
		10ECB6D01D79D4B30054657B /* AbrirViewController.swift in Sources */ = {isa = PBXBuildFile; fileRef = 10ECB6CF1D79D4B30054657B /* AbrirViewController.swift */; };
		8419BADA1D761085005D99C7 /* AppDelegate.swift in Sources */ = {isa = PBXBuildFile; fileRef = 8419BAD91D761085005D99C7 /* AppDelegate.swift */; };
		8419BADC1D761085005D99C7 /* ViewController.swift in Sources */ = {isa = PBXBuildFile; fileRef = 8419BADB1D761085005D99C7 /* ViewController.swift */; };
		8419BADF1D761085005D99C7 /* Main.storyboard in Resources */ = {isa = PBXBuildFile; fileRef = 8419BADD1D761085005D99C7 /* Main.storyboard */; };
		8419BAE21D761085005D99C7 /* TesteJson.xcdatamodeld in Sources */ = {isa = PBXBuildFile; fileRef = 8419BAE01D761085005D99C7 /* TesteJson.xcdatamodeld */; };
		8419BAE41D761085005D99C7 /* Assets.xcassets in Resources */ = {isa = PBXBuildFile; fileRef = 8419BAE31D761085005D99C7 /* Assets.xcassets */; };
		8419BAE71D761085005D99C7 /* LaunchScreen.storyboard in Resources */ = {isa = PBXBuildFile; fileRef = 8419BAE51D761085005D99C7 /* LaunchScreen.storyboard */; };
/* End PBXBuildFile section */

/* Begin PBXFileReference section */
		10ECB6C41D79A7530054657B /* Noticia.swift */ = {isa = PBXFileReference; fileEncoding = 4; lastKnownFileType = sourcecode.swift; path = Noticia.swift; sourceTree = "<group>"; };
		10ECB6CB1D79B3150054657B /* CelulaTableViewCell.swift */ = {isa = PBXFileReference; fileEncoding = 4; lastKnownFileType = sourcecode.swift; path = CelulaTableViewCell.swift; sourceTree = "<group>"; };
		10ECB6CD1D79B3750054657B /* FeedNoticias.swift */ = {isa = PBXFileReference; fileEncoding = 4; lastKnownFileType = sourcecode.swift; path = FeedNoticias.swift; sourceTree = "<group>"; };
		10ECB6CF1D79D4B30054657B /* AbrirViewController.swift */ = {isa = PBXFileReference; fileEncoding = 4; lastKnownFileType = sourcecode.swift; path = AbrirViewController.swift; sourceTree = "<group>"; };
		8419BAD61D761084005D99C7 /* iNews.app */ = {isa = PBXFileReference; explicitFileType = wrapper.application; includeInIndex = 0; path = iNews.app; sourceTree = BUILT_PRODUCTS_DIR; };
		8419BAD91D761085005D99C7 /* AppDelegate.swift */ = {isa = PBXFileReference; lastKnownFileType = sourcecode.swift; path = AppDelegate.swift; sourceTree = "<group>"; };
		8419BADB1D761085005D99C7 /* ViewController.swift */ = {isa = PBXFileReference; lastKnownFileType = sourcecode.swift; path = ViewController.swift; sourceTree = "<group>"; };
		8419BADE1D761085005D99C7 /* Base */ = {isa = PBXFileReference; lastKnownFileType = file.storyboard; name = Base; path = Base.lproj/Main.storyboard; sourceTree = "<group>"; };
		8419BAE11D761085005D99C7 /* TesteJson.xcdatamodel */ = {isa = PBXFileReference; lastKnownFileType = wrapper.xcdatamodel; path = TesteJson.xcdatamodel; sourceTree = "<group>"; };
		8419BAE31D761085005D99C7 /* Assets.xcassets */ = {isa = PBXFileReference; lastKnownFileType = folder.assetcatalog; path = Assets.xcassets; sourceTree = "<group>"; };
		8419BAE61D761085005D99C7 /* Base */ = {isa = PBXFileReference; lastKnownFileType = file.storyboard; name = Base; path = Base.lproj/LaunchScreen.storyboard; sourceTree = "<group>"; };
		8419BAE81D761085005D99C7 /* Info.plist */ = {isa = PBXFileReference; lastKnownFileType = text.plist.xml; path = Info.plist; sourceTree = "<group>"; };
/* End PBXFileReference section */

/* Begin PBXFrameworksBuildPhase section */
		8419BAD31D761084005D99C7 /* Frameworks */ = {
			isa = PBXFrameworksBuildPhase;
			buildActionMask = 2147483647;
			files = (
			);
			runOnlyForDeploymentPostprocessing = 0;
		};
/* End PBXFrameworksBuildPhase section */

/* Begin PBXGroup section */
		10ECB6C61D79B0AA0054657B /* view */ = {
			isa = PBXGroup;
			children = (
				8419BADD1D761085005D99C7 /* Main.storyboard */,
				8419BAE51D761085005D99C7 /* LaunchScreen.storyboard */,
			);
			name = view;
			sourceTree = "<group>";
		};
		10ECB6C71D79B0B70054657B /* controller */ = {
			isa = PBXGroup;
			children = (
				8419BADB1D761085005D99C7 /* ViewController.swift */,
				10ECB6CB1D79B3150054657B /* CelulaTableViewCell.swift */,
				10ECB6CF1D79D4B30054657B /* AbrirViewController.swift */,
			);
			name = controller;
			sourceTree = "<group>";
		};
		10ECB6C81D79B0BE0054657B /* model */ = {
			isa = PBXGroup;
			children = (
				8419BAE01D761085005D99C7 /* TesteJson.xcdatamodeld */,
				10ECB6C41D79A7530054657B /* Noticia.swift */,
				10ECB6CD1D79B3750054657B /* FeedNoticias.swift */,
			);
			name = model;
			sourceTree = "<group>";
		};
		8419BACD1D761084005D99C7 = {
			isa = PBXGroup;
			children = (
				8419BAD81D761085005D99C7 /* iNews */,
				8419BAD71D761084005D99C7 /* Products */,
			);
			sourceTree = "<group>";
		};
		8419BAD71D761084005D99C7 /* Products */ = {
			isa = PBXGroup;
			children = (
				8419BAD61D761084005D99C7 /* iNews.app */,
			);
			name = Products;
			sourceTree = "<group>";
		};
		8419BAD81D761085005D99C7 /* iNews */ = {
			isa = PBXGroup;
			children = (
				10ECB6C81D79B0BE0054657B /* model */,
				10ECB6C61D79B0AA0054657B /* view */,
				10ECB6C71D79B0B70054657B /* controller */,
				8419BAD91D761085005D99C7 /* AppDelegate.swift */,
				8419BAE31D761085005D99C7 /* Assets.xcassets */,
				8419BAE81D761085005D99C7 /* Info.plist */,
			);
			name = iNews;
			path = TesteJson;
			sourceTree = "<group>";
		};
/* End PBXGroup section */

/* Begin PBXNativeTarget section */
		8419BAD51D761084005D99C7 /* iNews */ = {
			isa = PBXNativeTarget;
			buildConfigurationList = 8419BAEB1D761085005D99C7 /* Build configuration list for PBXNativeTarget "iNews" */;
			buildPhases = (
				8419BAD21D761084005D99C7 /* Sources */,
				8419BAD31D761084005D99C7 /* Frameworks */,
				8419BAD41D761084005D99C7 /* Resources */,
			);
			buildRules = (
			);
			dependencies = (
			);
			name = iNews;
			productName = TesteJson;
			productReference = 8419BAD61D761084005D99C7 /* iNews.app */;
			productType = "com.apple.product-type.application";
		};
/* End PBXNativeTarget section */

/* Begin PBXProject section */
		8419BACE1D761084005D99C7 /* Project object */ = {
			isa = PBXProject;
			attributes = {
				LastSwiftUpdateCheck = 0730;
				LastUpgradeCheck = 0730;
				ORGANIZATIONNAME = admin;
				TargetAttributes = {
					8419BAD51D761084005D99C7 = {
						CreatedOnToolsVersion = 7.3.1;
					};
				};
			};
			buildConfigurationList = 8419BAD11D761084005D99C7 /* Build configuration list for PBXProject "iNews" */;
			compatibilityVersion = "Xcode 3.2";
			developmentRegion = English;
			hasScannedForEncodings = 0;
			knownRegions = (
				en,
				Base,
			);
			mainGroup = 8419BACD1D761084005D99C7;
			productRefGroup = 8419BAD71D761084005D99C7 /* Products */;
			projectDirPath = "";
			projectRoot = "";
			targets = (
				8419BAD51D761084005D99C7 /* iNews */,
			);
		};
/* End PBXProject section */

/* Begin PBXResourcesBuildPhase section */
		8419BAD41D761084005D99C7 /* Resources */ = {
			isa = PBXResourcesBuildPhase;
			buildActionMask = 2147483647;
			files = (
				8419BAE71D761085005D99C7 /* LaunchScreen.storyboard in Resources */,
				8419BAE41D761085005D99C7 /* Assets.xcassets in Resources */,
				8419BADF1D761085005D99C7 /* Main.storyboard in Resources */,
			);
			runOnlyForDeploymentPostprocessing = 0;
		};
/* End PBXResourcesBuildPhase section */

/* Begin PBXSourcesBuildPhase section */
		8419BAD21D761084005D99C7 /* Sources */ = {
			isa = PBXSourcesBuildPhase;
			buildActionMask = 2147483647;
			files = (
				10ECB6D01D79D4B30054657B /* AbrirViewController.swift in Sources */,
				8419BADC1D761085005D99C7 /* ViewController.swift in Sources */,
				10ECB6CC1D79B3150054657B /* CelulaTableViewCell.swift in Sources */,
				8419BADA1D761085005D99C7 /* AppDelegate.swift in Sources */,
				8419BAE21D761085005D99C7 /* TesteJson.xcdatamodeld in Sources */,
				10ECB6C51D79A7530054657B /* Noticia.swift in Sources */,
				10ECB6CE1D79B3750054657B /* FeedNoticias.swift in Sources */,
			);
			runOnlyForDeploymentPostprocessing = 0;
		};
/* End PBXSourcesBuildPhase section */

/* Begin PBXVariantGroup section */
		8419BADD1D761085005D99C7 /* Main.storyboard */ = {
			isa = PBXVariantGroup;
			children = (
				8419BADE1D761085005D99C7 /* Base */,
			);
			name = Main.storyboard;
			sourceTree = "<group>";
		};
		8419BAE51D761085005D99C7 /* LaunchScreen.storyboard */ = {
			isa = PBXVariantGroup;
			children = (
				8419BAE61D761085005D99C7 /* Base */,
			);
			name = LaunchScreen.storyboard;
			sourceTree = "<group>";
		};
/* End PBXVariantGroup section */

/* Begin XCBuildConfiguration section */
		8419BAE91D761085005D99C7 /* Debug */ = {
			isa = XCBuildConfiguration;
			buildSettings = {
				ALWAYS_SEARCH_USER_PATHS = NO;
				CLANG_ANALYZER_NONNULL = YES;
				CLANG_CXX_LANGUAGE_STANDARD = "gnu++0x";
				CLANG_CXX_LIBRARY = "libc++";
				CLANG_ENABLE_MODULES = YES;
				CLANG_ENABLE_OBJC_ARC = YES;
				CLANG_WARN_BOOL_CONVERSION = YES;
				CLANG_WARN_CONSTANT_CONVERSION = YES;
				CLANG_WARN_DIRECT_OBJC_ISA_USAGE = YES_ERROR;
				CLANG_WARN_EMPTY_BODY = YES;
				CLANG_WARN_ENUM_CONVERSION = YES;
				CLANG_WARN_INT_CONVERSION = YES;
				CLANG_WARN_OBJC_ROOT_CLASS = YES_ERROR;
				CLANG_WARN_UNREACHABLE_CODE = YES;
				CLANG_WARN__DUPLICATE_METHOD_MATCH = YES;
				"CODE_SIGN_IDENTITY[sdk=iphoneos*]" = "iPhone Developer";
				COPY_PHASE_STRIP = NO;
				DEBUG_INFORMATION_FORMAT = dwarf;
				ENABLE_STRICT_OBJC_MSGSEND = YES;
				ENABLE_TESTABILITY = YES;
				GCC_C_LANGUAGE_STANDARD = gnu99;
				GCC_DYNAMIC_NO_PIC = NO;
				GCC_NO_COMMON_BLOCKS = YES;
				GCC_OPTIMIZATION_LEVEL = 0;
				GCC_PREPROCESSOR_DEFINITIONS = (
					"DEBUG=1",
					"$(inherited)",
				);
				GCC_WARN_64_TO_32_BIT_CONVERSION = YES;
				GCC_WARN_ABOUT_RETURN_TYPE = YES_ERROR;
				GCC_WARN_UNDECLARED_SELECTOR = YES;
				GCC_WARN_UNINITIALIZED_AUTOS = YES_AGGRESSIVE;
				GCC_WARN_UNUSED_FUNCTION = YES;
				GCC_WARN_UNUSED_VARIABLE = YES;
				IPHONEOS_DEPLOYMENT_TARGET = 9.3;
				MTL_ENABLE_DEBUG_INFO = YES;
				ONLY_ACTIVE_ARCH = YES;
				SDKROOT = iphoneos;
				SWIFT_OPTIMIZATION_LEVEL = "-Onone";
			};
			name = Debug;
		};
		8419BAEA1D761085005D99C7 /* Release */ = {
			isa = XCBuildConfiguration;
			buildSettings = {
				ALWAYS_SEARCH_USER_PATHS = NO;
				CLANG_ANALYZER_NONNULL = YES;
				CLANG_CXX_LANGUAGE_STANDARD = "gnu++0x";
				CLANG_CXX_LIBRARY = "libc++";
				CLANG_ENABLE_MODULES = YES;
				CLANG_ENABLE_OBJC_ARC = YES;
				CLANG_WARN_BOOL_CONVERSION = YES;
				CLANG_WARN_CONSTANT_CONVERSION = YES;
				CLANG_WARN_DIRECT_OBJC_ISA_USAGE = YES_ERROR;
				CLANG_WARN_EMPTY_BODY = YES;
				CLANG_WARN_ENUM_CONVERSION = YES;
				CLANG_WARN_INT_CONVERSION = YES;
				CLANG_WARN_OBJC_ROOT_CLASS = YES_ERROR;
				CLANG_WARN_UNREACHABLE_CODE = YES;
				CLANG_WARN__DUPLICATE_METHOD_MATCH = YES;
				"CODE_SIGN_IDENTITY[sdk=iphoneos*]" = "iPhone Developer";
				COPY_PHASE_STRIP = NO;
				DEBUG_INFORMATION_FORMAT = "dwarf-with-dsym";
				ENABLE_NS_ASSERTIONS = NO;
				ENABLE_STRICT_OBJC_MSGSEND = YES;
				GCC_C_LANGUAGE_STANDARD = gnu99;
				GCC_NO_COMMON_BLOCKS = YES;
				GCC_WARN_64_TO_32_BIT_CONVERSION = YES;
				GCC_WARN_ABOUT_RETURN_TYPE = YES_ERROR;
				GCC_WARN_UNDECLARED_SELECTOR = YES;
				GCC_WARN_UNINITIALIZED_AUTOS = YES_AGGRESSIVE;
				GCC_WARN_UNUSED_FUNCTION = YES;
				GCC_WARN_UNUSED_VARIABLE = YES;
				IPHONEOS_DEPLOYMENT_TARGET = 9.3;
				MTL_ENABLE_DEBUG_INFO = NO;
				SDKROOT = iphoneos;
				VALIDATE_PRODUCT = YES;
			};
			name = Release;
		};
		8419BAEC1D761085005D99C7 /* Debug */ = {
			isa = XCBuildConfiguration;
			buildSettings = {
				ASSETCATALOG_COMPILER_APPICON_NAME = AppIcon;
				INFOPLIST_FILE = TesteJson/Info.plist;
				LD_RUNPATH_SEARCH_PATHS = "$(inherited) @executable_path/Frameworks";
				PRODUCT_BUNDLE_IDENTIFIER = br.edu.ifpb.si.pdm.iNews;
				PRODUCT_NAME = iNews;
			};
			name = Debug;
		};
		8419BAED1D761085005D99C7 /* Release */ = {
			isa = XCBuildConfiguration;
			buildSettings = {
				ASSETCATALOG_COMPILER_APPICON_NAME = AppIcon;
				INFOPLIST_FILE = TesteJson/Info.plist;
				LD_RUNPATH_SEARCH_PATHS = "$(inherited) @executable_path/Frameworks";
				PRODUCT_BUNDLE_IDENTIFIER = br.edu.ifpb.si.pdm.iNews;
				PRODUCT_NAME = iNews;
			};
			name = Release;
		};
/* End XCBuildConfiguration section */

/* Begin XCConfigurationList section */
		8419BAD11D761084005D99C7 /* Build configuration list for PBXProject "iNews" */ = {
			isa = XCConfigurationList;
			buildConfigurations = (
				8419BAE91D761085005D99C7 /* Debug */,
				8419BAEA1D761085005D99C7 /* Release */,
			);
			defaultConfigurationIsVisible = 0;
			defaultConfigurationName = Release;
		};
		8419BAEB1D761085005D99C7 /* Build configuration list for PBXNativeTarget "iNews" */ = {
			isa = XCConfigurationList;
			buildConfigurations = (
				8419BAEC1D761085005D99C7 /* Debug */,
				8419BAED1D761085005D99C7 /* Release */,
			);
			defaultConfigurationIsVisible = 0;
			defaultConfigurationName = Release;
		};
/* End XCConfigurationList section */

/* Begin XCVersionGroup section */
		8419BAE01D761085005D99C7 /* TesteJson.xcdatamodeld */ = {
			isa = XCVersionGroup;
			children = (
				8419BAE11D761085005D99C7 /* TesteJson.xcdatamodel */,
			);
			currentVersion = 8419BAE11D761085005D99C7 /* TesteJson.xcdatamodel */;
			path = TesteJson.xcdatamodeld;
			sourceTree = "<group>";
			versionGroupType = wrapper.xcdatamodel;
		};
/* End XCVersionGroup section */
	};
	rootObject = 8419BACE1D761084005D99C7 /* Project object */;
}
